// !$*UTF8*$!
{
	archiveVersion = 1;
	classes = {
	};
	objectVersion = 50;
	objects = {

/* Begin PBXBuildFile section */
		1978112B2193A82100CC9FD4 /* AppDelegate.swift in Sources */ = {isa = PBXBuildFile; fileRef = 1978112A2193A82100CC9FD4 /* AppDelegate.swift */; };
		197811302193A82100CC9FD4 /* Main.storyboard in Resources */ = {isa = PBXBuildFile; fileRef = 1978112E2193A82100CC9FD4 /* Main.storyboard */; };
		197811322193A82200CC9FD4 /* Assets.xcassets in Resources */ = {isa = PBXBuildFile; fileRef = 197811312193A82200CC9FD4 /* Assets.xcassets */; };
		197811352193A82200CC9FD4 /* LaunchScreen.storyboard in Resources */ = {isa = PBXBuildFile; fileRef = 197811332193A82200CC9FD4 /* LaunchScreen.storyboard */; };
		1978113F2193A83300CC9FD4 /* CloudKit.framework in Frameworks */ = {isa = PBXBuildFile; fileRef = 1978113E2193A83300CC9FD4 /* CloudKit.framework */; };
		19FE829A2193B30C000EBDAC /* Post.swift in Sources */ = {isa = PBXBuildFile; fileRef = 19FE82992193B30C000EBDAC /* Post.swift */; };
		19FE829C2193B459000EBDAC /* Comment.swift in Sources */ = {isa = PBXBuildFile; fileRef = 19FE829B2193B459000EBDAC /* Comment.swift */; };
		19FE829E2193B75F000EBDAC /* PostController.swift in Sources */ = {isa = PBXBuildFile; fileRef = 19FE829D2193B75F000EBDAC /* PostController.swift */; };
		19FE82A12193CC87000EBDAC /* PostTableViewCell.swift in Sources */ = {isa = PBXBuildFile; fileRef = 19FE82A02193CC87000EBDAC /* PostTableViewCell.swift */; };
		19FE82A42193CD95000EBDAC /* PostListTableViewController.swift in Sources */ = {isa = PBXBuildFile; fileRef = 19FE82A32193CD95000EBDAC /* PostListTableViewController.swift */; };
		19FE82A72193CE9C000EBDAC /* PostDetailTableViewController.swift in Sources */ = {isa = PBXBuildFile; fileRef = 19FE82A62193CE9C000EBDAC /* PostDetailTableViewController.swift */; };
		19FE82B42194EEC1000EBDAC /* Date.swift in Sources */ = {isa = PBXBuildFile; fileRef = 19FE82B32194EEC1000EBDAC /* Date.swift */; };
		19FE82B62194FD84000EBDAC /* AddPostTableViewController.swift in Sources */ = {isa = PBXBuildFile; fileRef = 19FE82B52194FD83000EBDAC /* AddPostTableViewController.swift */; };
		19FE82B82194FD9D000EBDAC /* PhotoSelectorViewController.swift in Sources */ = {isa = PBXBuildFile; fileRef = 19FE82B72194FD9C000EBDAC /* PhotoSelectorViewController.swift */; };
		19FE82BA2194FFB4000EBDAC /* SeacrhableRecord.swift in Sources */ = {isa = PBXBuildFile; fileRef = 19FE82B92194FFB4000EBDAC /* SeacrhableRecord.swift */; };
		19FE82DA21956771000EBDAC /* Extension.swift in Sources */ = {isa = PBXBuildFile; fileRef = 19FE82D921956771000EBDAC /* Extension.swift */; };
/* End PBXBuildFile section */

/* Begin PBXFileReference section */
		197811272193A82100CC9FD4 /* Timeline.app */ = {isa = PBXFileReference; explicitFileType = wrapper.application; includeInIndex = 0; path = Timeline.app; sourceTree = BUILT_PRODUCTS_DIR; };
		1978112A2193A82100CC9FD4 /* AppDelegate.swift */ = {isa = PBXFileReference; lastKnownFileType = sourcecode.swift; path = AppDelegate.swift; sourceTree = "<group>"; };
		1978112F2193A82100CC9FD4 /* Base */ = {isa = PBXFileReference; lastKnownFileType = file.storyboard; name = Base; path = Base.lproj/Main.storyboard; sourceTree = "<group>"; };
		197811312193A82200CC9FD4 /* Assets.xcassets */ = {isa = PBXFileReference; lastKnownFileType = folder.assetcatalog; path = Assets.xcassets; sourceTree = "<group>"; };
		197811342193A82200CC9FD4 /* Base */ = {isa = PBXFileReference; lastKnownFileType = file.storyboard; name = Base; path = Base.lproj/LaunchScreen.storyboard; sourceTree = "<group>"; };
		197811362193A82200CC9FD4 /* Info.plist */ = {isa = PBXFileReference; lastKnownFileType = text.plist.xml; path = Info.plist; sourceTree = "<group>"; };
		1978113C2193A83100CC9FD4 /* Timeline.entitlements */ = {isa = PBXFileReference; lastKnownFileType = text.plist.entitlements; path = Timeline.entitlements; sourceTree = "<group>"; };
		1978113E2193A83300CC9FD4 /* CloudKit.framework */ = {isa = PBXFileReference; lastKnownFileType = wrapper.framework; name = CloudKit.framework; path = System/Library/Frameworks/CloudKit.framework; sourceTree = SDKROOT; };
		19FE82992193B30C000EBDAC /* Post.swift */ = {isa = PBXFileReference; lastKnownFileType = sourcecode.swift; path = Post.swift; sourceTree = "<group>"; };
		19FE829B2193B459000EBDAC /* Comment.swift */ = {isa = PBXFileReference; lastKnownFileType = sourcecode.swift; path = Comment.swift; sourceTree = "<group>"; };
		19FE829D2193B75F000EBDAC /* PostController.swift */ = {isa = PBXFileReference; lastKnownFileType = sourcecode.swift; path = PostController.swift; sourceTree = "<group>"; };
		19FE82A02193CC87000EBDAC /* PostTableViewCell.swift */ = {isa = PBXFileReference; lastKnownFileType = sourcecode.swift; path = PostTableViewCell.swift; sourceTree = "<group>"; };
		19FE82A32193CD95000EBDAC /* PostListTableViewController.swift */ = {isa = PBXFileReference; lastKnownFileType = sourcecode.swift; path = PostListTableViewController.swift; sourceTree = "<group>"; };
		19FE82A62193CE9C000EBDAC /* PostDetailTableViewController.swift */ = {isa = PBXFileReference; lastKnownFileType = sourcecode.swift; path = PostDetailTableViewController.swift; sourceTree = "<group>"; };
		19FE82B32194EEC1000EBDAC /* Date.swift */ = {isa = PBXFileReference; lastKnownFileType = sourcecode.swift; path = Date.swift; sourceTree = "<group>"; };
		19FE82B52194FD83000EBDAC /* AddPostTableViewController.swift */ = {isa = PBXFileReference; lastKnownFileType = sourcecode.swift; path = AddPostTableViewController.swift; sourceTree = "<group>"; };
		19FE82B72194FD9C000EBDAC /* PhotoSelectorViewController.swift */ = {isa = PBXFileReference; lastKnownFileType = sourcecode.swift; path = PhotoSelectorViewController.swift; sourceTree = "<group>"; };
		19FE82B92194FFB4000EBDAC /* SeacrhableRecord.swift */ = {isa = PBXFileReference; lastKnownFileType = sourcecode.swift; path = SeacrhableRecord.swift; sourceTree = "<group>"; };
		19FE82D921956771000EBDAC /* Extension.swift */ = {isa = PBXFileReference; lastKnownFileType = sourcecode.swift; path = Extension.swift; sourceTree = "<group>"; };
/* End PBXFileReference section */

/* Begin PBXFrameworksBuildPhase section */
		197811242193A82100CC9FD4 /* Frameworks */ = {
			isa = PBXFrameworksBuildPhase;
			buildActionMask = 2147483647;
			files = (
				1978113F2193A83300CC9FD4 /* CloudKit.framework in Frameworks */,
			);
			runOnlyForDeploymentPostprocessing = 0;
		};
/* End PBXFrameworksBuildPhase section */

/* Begin PBXGroup section */
		1978111E2193A82100CC9FD4 = {
			isa = PBXGroup;
			children = (
				197811292193A82100CC9FD4 /* Timeline */,
				197811282193A82100CC9FD4 /* Products */,
				1978113D2193A83300CC9FD4 /* Frameworks */,
			);
			sourceTree = "<group>";
		};
		197811282193A82100CC9FD4 /* Products */ = {
			isa = PBXGroup;
			children = (
				197811272193A82100CC9FD4 /* Timeline.app */,
			);
			name = Products;
			sourceTree = "<group>";
		};
		197811292193A82100CC9FD4 /* Timeline */ = {
			isa = PBXGroup;
			children = (
				19FE82B22194EEA7000EBDAC /* Extension */,
				19FE82982193B301000EBDAC /* Model */,
				1978113C2193A83100CC9FD4 /* Timeline.entitlements */,
				197811402193AA4200CC9FD4 /* Resources */,
				197811412193AB0D00CC9FD4 /* Storyboard */,
			);
			path = Timeline;
			sourceTree = "<group>";
		};
		1978113D2193A83300CC9FD4 /* Frameworks */ = {
			isa = PBXGroup;
			children = (
				1978113E2193A83300CC9FD4 /* CloudKit.framework */,
			);
			name = Frameworks;
			sourceTree = "<group>";
		};
		197811402193AA4200CC9FD4 /* Resources */ = {
			isa = PBXGroup;
			children = (
				197811312193A82200CC9FD4 /* Assets.xcassets */,
				197811362193A82200CC9FD4 /* Info.plist */,
				1978112A2193A82100CC9FD4 /* AppDelegate.swift */,
			);
			path = Resources;
			sourceTree = "<group>";
		};
		197811412193AB0D00CC9FD4 /* Storyboard */ = {
			isa = PBXGroup;
			children = (
				1978112E2193A82100CC9FD4 /* Main.storyboard */,
				197811332193A82200CC9FD4 /* LaunchScreen.storyboard */,
			);
			path = Storyboard;
			sourceTree = "<group>";
		};
		19FE82982193B301000EBDAC /* Model */ = {
			isa = PBXGroup;
			children = (
				19FE82992193B30C000EBDAC /* Post.swift */,
				19FE829B2193B459000EBDAC /* Comment.swift */,
				19FE82A22193CC8A000EBDAC /* Views */,
				19FE829F2193CAED000EBDAC /* ModelController */,
				19FE82B92194FFB4000EBDAC /* SeacrhableRecord.swift */,
			);
			path = Model;
			sourceTree = "<group>";
		};
		19FE829F2193CAED000EBDAC /* ModelController */ = {
			isa = PBXGroup;
			children = (
				19FE829D2193B75F000EBDAC /* PostController.swift */,
			);
			path = ModelController;
			sourceTree = "<group>";
		};
		19FE82A22193CC8A000EBDAC /* Views */ = {
			isa = PBXGroup;
			children = (
				19FE82A02193CC87000EBDAC /* PostTableViewCell.swift */,
				19FE82A52193CD99000EBDAC /* ViewController */,
			);
			path = Views;
			sourceTree = "<group>";
		};
		19FE82A52193CD99000EBDAC /* ViewController */ = {
			isa = PBXGroup;
			children = (
				19FE82A32193CD95000EBDAC /* PostListTableViewController.swift */,
				19FE82A62193CE9C000EBDAC /* PostDetailTableViewController.swift */,
				19FE82B52194FD83000EBDAC /* AddPostTableViewController.swift */,
				19FE82B72194FD9C000EBDAC /* PhotoSelectorViewController.swift */,
			);
			path = ViewController;
			sourceTree = "<group>";
		};
		19FE82B22194EEA7000EBDAC /* Extension */ = {
			isa = PBXGroup;
			children = (
				19FE82B32194EEC1000EBDAC /* Date.swift */,
				19FE82D921956771000EBDAC /* Extension.swift */,
			);
			path = Extension;
			sourceTree = "<group>";
		};
/* End PBXGroup section */

/* Begin PBXNativeTarget section */
		197811262193A82100CC9FD4 /* Timeline */ = {
			isa = PBXNativeTarget;
			buildConfigurationList = 197811392193A82200CC9FD4 /* Build configuration list for PBXNativeTarget "Timeline" */;
			buildPhases = (
				197811232193A82100CC9FD4 /* Sources */,
				197811242193A82100CC9FD4 /* Frameworks */,
				197811252193A82100CC9FD4 /* Resources */,
			);
			buildRules = (
			);
			dependencies = (
			);
			name = Timeline;
			productName = Timeline;
			productReference = 197811272193A82100CC9FD4 /* Timeline.app */;
			productType = "com.apple.product-type.application";
		};
/* End PBXNativeTarget section */

/* Begin PBXProject section */
		1978111F2193A82100CC9FD4 /* Project object */ = {
			isa = PBXProject;
			attributes = {
				LastSwiftUpdateCheck = 1010;
				LastUpgradeCheck = 1010;
				ORGANIZATIONNAME = "Xavier ios dev";
				TargetAttributes = {
					197811262193A82100CC9FD4 = {
						CreatedOnToolsVersion = 10.1;
						SystemCapabilities = {
							com.apple.Push = {
								enabled = 1;
							};
							com.apple.iCloud = {
								enabled = 1;
							};
						};
					};
				};
			};
			buildConfigurationList = 197811222193A82100CC9FD4 /* Build configuration list for PBXProject "Timeline" */;
			compatibilityVersion = "Xcode 9.3";
			developmentRegion = en;
			hasScannedForEncodings = 0;
			knownRegions = (
				en,
				Base,
			);
			mainGroup = 1978111E2193A82100CC9FD4;
			productRefGroup = 197811282193A82100CC9FD4 /* Products */;
			projectDirPath = "";
			projectRoot = "";
			targets = (
				197811262193A82100CC9FD4 /* Timeline */,
			);
		};
/* End PBXProject section */

/* Begin PBXResourcesBuildPhase section */
		197811252193A82100CC9FD4 /* Resources */ = {
			isa = PBXResourcesBuildPhase;
			buildActionMask = 2147483647;
			files = (
				197811352193A82200CC9FD4 /* LaunchScreen.storyboard in Resources */,
				197811322193A82200CC9FD4 /* Assets.xcassets in Resources */,
				197811302193A82100CC9FD4 /* Main.storyboard in Resources */,
			);
			runOnlyForDeploymentPostprocessing = 0;
		};
/* End PBXResourcesBuildPhase section */

/* Begin PBXSourcesBuildPhase section */
		197811232193A82100CC9FD4 /* Sources */ = {
			isa = PBXSourcesBuildPhase;
			buildActionMask = 2147483647;
			files = (
				1978112B2193A82100CC9FD4 /* AppDelegate.swift in Sources */,
				19FE829E2193B75F000EBDAC /* PostController.swift in Sources */,
				19FE82A12193CC87000EBDAC /* PostTableViewCell.swift in Sources */,
				19FE82DA21956771000EBDAC /* Extension.swift in Sources */,
				19FE82B42194EEC1000EBDAC /* Date.swift in Sources */,
				19FE82A42193CD95000EBDAC /* PostListTableViewController.swift in Sources */,
				19FE829C2193B459000EBDAC /* Comment.swift in Sources */,
				19FE82B82194FD9D000EBDAC /* PhotoSelectorViewController.swift in Sources */,
				19FE829A2193B30C000EBDAC /* Post.swift in Sources */,
				19FE82B62194FD84000EBDAC /* AddPostTableViewController.swift in Sources */,
				19FE82BA2194FFB4000EBDAC /* SeacrhableRecord.swift in Sources */,
				19FE82A72193CE9C000EBDAC /* PostDetailTableViewController.swift in Sources */,
			);
			runOnlyForDeploymentPostprocessing = 0;
		};
/* End PBXSourcesBuildPhase section */

/* Begin PBXVariantGroup section */
		1978112E2193A82100CC9FD4 /* Main.storyboard */ = {
			isa = PBXVariantGroup;
			children = (
				1978112F2193A82100CC9FD4 /* Base */,
			);
			name = Main.storyboard;
			sourceTree = "<group>";
		};
		197811332193A82200CC9FD4 /* LaunchScreen.storyboard */ = {
			isa = PBXVariantGroup;
			children = (
				197811342193A82200CC9FD4 /* Base */,
			);
			name = LaunchScreen.storyboard;
			sourceTree = "<group>";
		};
/* End PBXVariantGroup section */

/* Begin XCBuildConfiguration section */
		197811372193A82200CC9FD4 /* Debug */ = {
			isa = XCBuildConfiguration;
			buildSettings = {
				ALWAYS_SEARCH_USER_PATHS = NO;
				CLANG_ANALYZER_NONNULL = YES;
				CLANG_ANALYZER_NUMBER_OBJECT_CONVERSION = YES_AGGRESSIVE;
				CLANG_CXX_LANGUAGE_STANDARD = "gnu++14";
				CLANG_CXX_LIBRARY = "libc++";
				CLANG_ENABLE_MODULES = YES;
				CLANG_ENABLE_OBJC_ARC = YES;
				CLANG_ENABLE_OBJC_WEAK = YES;
				CLANG_WARN_BLOCK_CAPTURE_AUTORELEASING = YES;
				CLANG_WARN_BOOL_CONVERSION = YES;
				CLANG_WARN_COMMA = YES;
				CLANG_WARN_CONSTANT_CONVERSION = YES;
				CLANG_WARN_DEPRECATED_OBJC_IMPLEMENTATIONS = YES;
				CLANG_WARN_DIRECT_OBJC_ISA_USAGE = YES_ERROR;
				CLANG_WARN_DOCUMENTATION_COMMENTS = YES;
				CLANG_WARN_EMPTY_BODY = YES;
				CLANG_WARN_ENUM_CONVERSION = YES;
				CLANG_WARN_INFINITE_RECURSION = YES;
				CLANG_WARN_INT_CONVERSION = YES;
				CLANG_WARN_NON_LITERAL_NULL_CONVERSION = YES;
				CLANG_WARN_OBJC_IMPLICIT_RETAIN_SELF = YES;
				CLANG_WARN_OBJC_LITERAL_CONVERSION = YES;
				CLANG_WARN_OBJC_ROOT_CLASS = YES_ERROR;
				CLANG_WARN_RANGE_LOOP_ANALYSIS = YES;
				CLANG_WARN_STRICT_PROTOTYPES = YES;
				CLANG_WARN_SUSPICIOUS_MOVE = YES;
				CLANG_WARN_UNGUARDED_AVAILABILITY = YES_AGGRESSIVE;
				CLANG_WARN_UNREACHABLE_CODE = YES;
				CLANG_WARN__DUPLICATE_METHOD_MATCH = YES;
				CODE_SIGN_IDENTITY = "iPhone Developer";
				COPY_PHASE_STRIP = NO;
				DEBUG_INFORMATION_FORMAT = dwarf;
				ENABLE_STRICT_OBJC_MSGSEND = YES;
				ENABLE_TESTABILITY = YES;
				GCC_C_LANGUAGE_STANDARD = gnu11;
				GCC_DYNAMIC_NO_PIC = NO;
				GCC_NO_COMMON_BLOCKS = YES;
				GCC_OPTIMIZATION_LEVEL = 0;
				GCC_PREPROCESSOR_DEFINITIONS = (
					"DEBUG=1",
					"$(inherited)",
				);
				GCC_WARN_64_TO_32_BIT_CONVERSION = YES;
				GCC_WARN_ABOUT_RETURN_TYPE = YES_ERROR;
				GCC_WARN_UNDECLARED_SELECTOR = YES;
				GCC_WARN_UNINITIALIZED_AUTOS = YES_AGGRESSIVE;
				GCC_WARN_UNUSED_FUNCTION = YES;
				GCC_WARN_UNUSED_VARIABLE = YES;
				IPHONEOS_DEPLOYMENT_TARGET = 12.1;
				MTL_ENABLE_DEBUG_INFO = INCLUDE_SOURCE;
				MTL_FAST_MATH = YES;
				ONLY_ACTIVE_ARCH = YES;
				SDKROOT = iphoneos;
				SWIFT_ACTIVE_COMPILATION_CONDITIONS = DEBUG;
				SWIFT_OPTIMIZATION_LEVEL = "-Onone";
			};
			name = Debug;
		};
		197811382193A82200CC9FD4 /* Release */ = {
			isa = XCBuildConfiguration;
			buildSettings = {
				ALWAYS_SEARCH_USER_PATHS = NO;
				CLANG_ANALYZER_NONNULL = YES;
				CLANG_ANALYZER_NUMBER_OBJECT_CONVERSION = YES_AGGRESSIVE;
				CLANG_CXX_LANGUAGE_STANDARD = "gnu++14";
				CLANG_CXX_LIBRARY = "libc++";
				CLANG_ENABLE_MODULES = YES;
				CLANG_ENABLE_OBJC_ARC = YES;
				CLANG_ENABLE_OBJC_WEAK = YES;
				CLANG_WARN_BLOCK_CAPTURE_AUTORELEASING = YES;
				CLANG_WARN_BOOL_CONVERSION = YES;
				CLANG_WARN_COMMA = YES;
				CLANG_WARN_CONSTANT_CONVERSION = YES;
				CLANG_WARN_DEPRECATED_OBJC_IMPLEMENTATIONS = YES;
				CLANG_WARN_DIRECT_OBJC_ISA_USAGE = YES_ERROR;
				CLANG_WARN_DOCUMENTATION_COMMENTS = YES;
				CLANG_WARN_EMPTY_BODY = YES;
				CLANG_WARN_ENUM_CONVERSION = YES;
				CLANG_WARN_INFINITE_RECURSION = YES;
				CLANG_WARN_INT_CONVERSION = YES;
				CLANG_WARN_NON_LITERAL_NULL_CONVERSION = YES;
				CLANG_WARN_OBJC_IMPLICIT_RETAIN_SELF = YES;
				CLANG_WARN_OBJC_LITERAL_CONVERSION = YES;
				CLANG_WARN_OBJC_ROOT_CLASS = YES_ERROR;
				CLANG_WARN_RANGE_LOOP_ANALYSIS = YES;
				CLANG_WARN_STRICT_PROTOTYPES = YES;
				CLANG_WARN_SUSPICIOUS_MOVE = YES;
				CLANG_WARN_UNGUARDED_AVAILABILITY = YES_AGGRESSIVE;
				CLANG_WARN_UNREACHABLE_CODE = YES;
				CLANG_WARN__DUPLICATE_METHOD_MATCH = YES;
				CODE_SIGN_IDENTITY = "iPhone Developer";
				COPY_PHASE_STRIP = NO;
				DEBUG_INFORMATION_FORMAT = "dwarf-with-dsym";
				ENABLE_NS_ASSERTIONS = NO;
				ENABLE_STRICT_OBJC_MSGSEND = YES;
				GCC_C_LANGUAGE_STANDARD = gnu11;
				GCC_NO_COMMON_BLOCKS = YES;
				GCC_WARN_64_TO_32_BIT_CONVERSION = YES;
				GCC_WARN_ABOUT_RETURN_TYPE = YES_ERROR;
				GCC_WARN_UNDECLARED_SELECTOR = YES;
				GCC_WARN_UNINITIALIZED_AUTOS = YES_AGGRESSIVE;
				GCC_WARN_UNUSED_FUNCTION = YES;
				GCC_WARN_UNUSED_VARIABLE = YES;
				IPHONEOS_DEPLOYMENT_TARGET = 12.1;
				MTL_ENABLE_DEBUG_INFO = NO;
				MTL_FAST_MATH = YES;
				SDKROOT = iphoneos;
				SWIFT_COMPILATION_MODE = wholemodule;
				SWIFT_OPTIMIZATION_LEVEL = "-O";
				VALIDATE_PRODUCT = YES;
			};
			name = Release;
		};
		1978113A2193A82200CC9FD4 /* Debug */ = {
			isa = XCBuildConfiguration;
			buildSettings = {
				ASSETCATALOG_COMPILER_APPICON_NAME = AppIcon;
				CODE_SIGN_ENTITLEMENTS = Timeline/Timeline.entitlements;
				CODE_SIGN_STYLE = Automatic;
				DEVELOPMENT_TEAM = 57CQ48CJGQ;
				INFOPLIST_FILE = "$(SRCROOT)/Timeline/Resources/Info.plist";
				LD_RUNPATH_SEARCH_PATHS = (
					"$(inherited)",
					"@executable_path/Frameworks",
				);
				PRODUCT_BUNDLE_IDENTIFIER = COM.Xavierwatts.Timeline;
				PRODUCT_NAME = "$(TARGET_NAME)";
				SWIFT_VERSION = 4.2;
				TARGETED_DEVICE_FAMILY = "1,2";
			};
			name = Debug;
		};
		1978113B2193A82200CC9FD4 /* Release */ = {
			isa = XCBuildConfiguration;
			buildSettings = {
				ASSETCATALOG_COMPILER_APPICON_NAME = AppIcon;
				CODE_SIGN_ENTITLEMENTS = Timeline/Timeline.entitlements;
				CODE_SIGN_STYLE = Automatic;
				DEVELOPMENT_TEAM = 57CQ48CJGQ;
				INFOPLIST_FILE = "$(SRCROOT)/Timeline/Resources/Info.plist";
				LD_RUNPATH_SEARCH_PATHS = (
					"$(inherited)",
					"@executable_path/Frameworks",
				);
				PRODUCT_BUNDLE_IDENTIFIER = COM.Xavierwatts.Timeline;
				PRODUCT_NAME = "$(TARGET_NAME)";
				SWIFT_VERSION = 4.2;
				TARGETED_DEVICE_FAMILY = "1,2";
			};
			name = Release;
		};
/* End XCBuildConfiguration section */

/* Begin XCConfigurationList section */
		197811222193A82100CC9FD4 /* Build configuration list for PBXProject "Timeline" */ = {
			isa = XCConfigurationList;
			buildConfigurations = (
				197811372193A82200CC9FD4 /* Debug */,
				197811382193A82200CC9FD4 /* Release */,
			);
			defaultConfigurationIsVisible = 0;
			defaultConfigurationName = Release;
		};
		197811392193A82200CC9FD4 /* Build configuration list for PBXNativeTarget "Timeline" */ = {
			isa = XCConfigurationList;
			buildConfigurations = (
				1978113A2193A82200CC9FD4 /* Debug */,
				1978113B2193A82200CC9FD4 /* Release */,
			);
			defaultConfigurationIsVisible = 0;
			defaultConfigurationName = Release;
		};
/* End XCConfigurationList section */
	};
	rootObject = 1978111F2193A82100CC9FD4 /* Project object */;
}
